
Microsoft Visual Studio Solution File, Format Version 12.00
# Visual Studio Version 17
VisualStudioVersion = 17.6.33815.320
MinimumVisualStudioVersion = 10.0.40219.1
Project("{9A19103F-16F7-4668-BE54-9A1E7A4F7556}") = "PhoneBook", "PhoneBook\PhoneBook.csproj", "{01F914EE-DCC6-49A4-A5E2-EECF03DF78F9}"
EndProject
Project("{2150E333-8FDC-42A3-9474-1A3956D46DE8}") = "Elementy rozwiązania", "Elementy rozwiązania", "{7C47574C-6658-4F89-958E-E781E09FE131}"
EndProject
Global
	GlobalSection(SolutionConfigurationPlatforms) = preSolution
		Debug|Any CPU = Debug|Any CPU
		Release|Any CPU = Release|Any CPU
	EndGlobalSection
	GlobalSection(ProjectConfigurationPlatforms) = postSolution
		{01F914EE-DCC6-49A4-A5E2-EECF03DF78F9}.Debug|Any CPU.ActiveCfg = Debug|Any CPU
		{01F914EE-DCC6-49A4-A5E2-EECF03DF78F9}.Debug|Any CPU.Build.0 = Debug|Any CPU
		{01F914EE-DCC6-49A4-A5E2-EECF03DF78F9}.Release|Any CPU.ActiveCfg = Release|Any CPU
		{01F914EE-DCC6-49A4-A5E2-EECF03DF78F9}.Release|Any CPU.Build.0 = Release|Any CPU
	EndGlobalSection
	GlobalSection(SolutionProperties) = preSolution
		HideSolutionNode = FALSE
	EndGlobalSection
	GlobalSection(ExtensibilityGlobals) = postSolution
		SolutionGuid = {A04CD405-4947-4E87-BBD4-90E795D356F4}
	EndGlobalSection
EndGlobal
